
Microsoft Visual Studio Solution File, Format Version 12.00
# Visual Studio Version 17
VisualStudioVersion = 17.6.33801.468
MinimumVisualStudioVersion = 10.0.40219.1
Project("{9A19103F-16F7-4668-BE54-9A1E7A4F7556}") = "InstallyApp", "InstallyApp\InstallyApp.csproj", "{1C30BA58-C6E8-4AE1-84B4-30C927C7C8BB}"
EndProject
Project("{9A19103F-16F7-4668-BE54-9A1E7A4F7556}") = "InstallySetup", "InstallySetup\InstallySetup.csproj", "{DE6A8A52-00B4-4BA9-BA9C-78DA4BD84D23}"
EndProject
Project("{54A90642-561A-4BB1-A94E-469ADEE60C69}") = "installysite", "InstallySite\installysite.esproj", "{C4B2325A-18E6-4126-9019-002A5F551DCD}"
EndProject
Global
	GlobalSection(SolutionConfigurationPlatforms) = preSolution
		Debug|Any CPU = Debug|Any CPU
		Debug|ARM64 = Debug|ARM64
		Debug|x64 = Debug|x64
		Debug|x86 = Debug|x86
		Release|Any CPU = Release|Any CPU
		Release|ARM64 = Release|ARM64
		Release|x64 = Release|x64
		Release|x86 = Release|x86
	EndGlobalSection
	GlobalSection(ProjectConfigurationPlatforms) = postSolution
		{1C30BA58-C6E8-4AE1-84B4-30C927C7C8BB}.Debug|Any CPU.ActiveCfg = Debug|Any CPU
		{1C30BA58-C6E8-4AE1-84B4-30C927C7C8BB}.Debug|Any CPU.Build.0 = Debug|Any CPU
		{1C30BA58-C6E8-4AE1-84B4-30C927C7C8BB}.Debug|ARM64.ActiveCfg = Debug|Any CPU
		{1C30BA58-C6E8-4AE1-84B4-30C927C7C8BB}.Debug|ARM64.Build.0 = Debug|Any CPU
		{1C30BA58-C6E8-4AE1-84B4-30C927C7C8BB}.Debug|x64.ActiveCfg = Debug|Any CPU
		{1C30BA58-C6E8-4AE1-84B4-30C927C7C8BB}.Debug|x64.Build.0 = Debug|Any CPU
		{1C30BA58-C6E8-4AE1-84B4-30C927C7C8BB}.Debug|x86.ActiveCfg = Debug|Any CPU
		{1C30BA58-C6E8-4AE1-84B4-30C927C7C8BB}.Debug|x86.Build.0 = Debug|Any CPU
		{1C30BA58-C6E8-4AE1-84B4-30C927C7C8BB}.Release|Any CPU.ActiveCfg = Release|Any CPU
		{1C30BA58-C6E8-4AE1-84B4-30C927C7C8BB}.Release|Any CPU.Build.0 = Release|Any CPU
		{1C30BA58-C6E8-4AE1-84B4-30C927C7C8BB}.Release|ARM64.ActiveCfg = Release|Any CPU
		{1C30BA58-C6E8-4AE1-84B4-30C927C7C8BB}.Release|ARM64.Build.0 = Release|Any CPU
		{1C30BA58-C6E8-4AE1-84B4-30C927C7C8BB}.Release|x64.ActiveCfg = Release|Any CPU
		{1C30BA58-C6E8-4AE1-84B4-30C927C7C8BB}.Release|x64.Build.0 = Release|Any CPU
		{1C30BA58-C6E8-4AE1-84B4-30C927C7C8BB}.Release|x86.ActiveCfg = Release|Any CPU
		{1C30BA58-C6E8-4AE1-84B4-30C927C7C8BB}.Release|x86.Build.0 = Release|Any CPU
		{DE6A8A52-00B4-4BA9-BA9C-78DA4BD84D23}.Debug|Any CPU.ActiveCfg = Debug|Any CPU
		{DE6A8A52-00B4-4BA9-BA9C-78DA4BD84D23}.Debug|Any CPU.Build.0 = Debug|Any CPU
		{DE6A8A52-00B4-4BA9-BA9C-78DA4BD84D23}.Debug|ARM64.ActiveCfg = Debug|Any CPU
		{DE6A8A52-00B4-4BA9-BA9C-78DA4BD84D23}.Debug|ARM64.Build.0 = Debug|Any CPU
		{DE6A8A52-00B4-4BA9-BA9C-78DA4BD84D23}.Debug|x64.ActiveCfg = Debug|Any CPU
		{DE6A8A52-00B4-4BA9-BA9C-78DA4BD84D23}.Debug|x64.Build.0 = Debug|Any CPU
		{DE6A8A52-00B4-4BA9-BA9C-78DA4BD84D23}.Debug|x86.ActiveCfg = Debug|Any CPU
		{DE6A8A52-00B4-4BA9-BA9C-78DA4BD84D23}.Debug|x86.Build.0 = Debug|Any CPU
		{DE6A8A52-00B4-4BA9-BA9C-78DA4BD84D23}.Release|Any CPU.ActiveCfg = Release|Any CPU
		{DE6A8A52-00B4-4BA9-BA9C-78DA4BD84D23}.Release|Any CPU.Build.0 = Release|Any CPU
		{DE6A8A52-00B4-4BA9-BA9C-78DA4BD84D23}.Release|ARM64.ActiveCfg = Release|Any CPU
		{DE6A8A52-00B4-4BA9-BA9C-78DA4BD84D23}.Release|ARM64.Build.0 = Release|Any CPU
		{DE6A8A52-00B4-4BA9-BA9C-78DA4BD84D23}.Release|x64.ActiveCfg = Release|Any CPU
		{DE6A8A52-00B4-4BA9-BA9C-78DA4BD84D23}.Release|x64.Build.0 = Release|Any CPU
		{DE6A8A52-00B4-4BA9-BA9C-78DA4BD84D23}.Release|x86.ActiveCfg = Release|Any CPU
		{DE6A8A52-00B4-4BA9-BA9C-78DA4BD84D23}.Release|x86.Build.0 = Release|Any CPU
		{C4B2325A-18E6-4126-9019-002A5F551DCD}.Debug|Any CPU.ActiveCfg = Debug|Any CPU
		{C4B2325A-18E6-4126-9019-002A5F551DCD}.Debug|Any CPU.Build.0 = Debug|Any CPU
		{C4B2325A-18E6-4126-9019-002A5F551DCD}.Debug|Any CPU.Deploy.0 = Debug|Any CPU
		{C4B2325A-18E6-4126-9019-002A5F551DCD}.Debug|ARM64.ActiveCfg = Debug|Any CPU
		{C4B2325A-18E6-4126-9019-002A5F551DCD}.Debug|ARM64.Build.0 = Debug|Any CPU
		{C4B2325A-18E6-4126-9019-002A5F551DCD}.Debug|ARM64.Deploy.0 = Debug|Any CPU
		{C4B2325A-18E6-4126-9019-002A5F551DCD}.Debug|x64.ActiveCfg = Debug|Any CPU
		{C4B2325A-18E6-4126-9019-002A5F551DCD}.Debug|x64.Build.0 = Debug|Any CPU
		{C4B2325A-18E6-4126-9019-002A5F551DCD}.Debug|x64.Deploy.0 = Debug|Any CPU
		{C4B2325A-18E6-4126-9019-002A5F551DCD}.Debug|x86.ActiveCfg = Debug|Any CPU
		{C4B2325A-18E6-4126-9019-002A5F551DCD}.Debug|x86.Build.0 = Debug|Any CPU
		{C4B2325A-18E6-4126-9019-002A5F551DCD}.Debug|x86.Deploy.0 = Debug|Any CPU
		{C4B2325A-18E6-4126-9019-002A5F551DCD}.Release|Any CPU.ActiveCfg = Release|Any CPU
		{C4B2325A-18E6-4126-9019-002A5F551DCD}.Release|Any CPU.Build.0 = Release|Any CPU
		{C4B2325A-18E6-4126-9019-002A5F551DCD}.Release|Any CPU.Deploy.0 = Release|Any CPU
		{C4B2325A-18E6-4126-9019-002A5F551DCD}.Release|ARM64.ActiveCfg = Release|Any CPU
		{C4B2325A-18E6-4126-9019-002A5F551DCD}.Release|ARM64.Build.0 = Release|Any CPU
		{C4B2325A-18E6-4126-9019-002A5F551DCD}.Release|ARM64.Deploy.0 = Release|Any CPU
		{C4B2325A-18E6-4126-9019-002A5F551DCD}.Release|x64.ActiveCfg = Release|Any CPU
		{C4B2325A-18E6-4126-9019-002A5F551DCD}.Release|x64.Build.0 = Release|Any CPU
		{C4B2325A-18E6-4126-9019-002A5F551DCD}.Release|x64.Deploy.0 = Release|Any CPU
		{C4B2325A-18E6-4126-9019-002A5F551DCD}.Release|x86.ActiveCfg = Release|Any CPU
		{C4B2325A-18E6-4126-9019-002A5F551DCD}.Release|x86.Build.0 = Release|Any CPU
		{C4B2325A-18E6-4126-9019-002A5F551DCD}.Release|x86.Deploy.0 = Release|Any CPU
	EndGlobalSection
	GlobalSection(SolutionProperties) = preSolution
		HideSolutionNode = FALSE
	EndGlobalSection
	GlobalSection(ExtensibilityGlobals) = postSolution
		SolutionGuid = {CE6B1077-9BB7-420E-8D67-0CBBD910FD0A}
	EndGlobalSection
EndGlobal
